// !$*UTF8*$!
{
	archiveVersion = 1;
	classes = {
	};
	objectVersion = 50;
	objects = {

/* Begin PBXBuildFile section */
		086CBF2220DC91EC00E5A54B /* AppDelegate.swift in Sources */ = {isa = PBXBuildFile; fileRef = 086CBF2120DC91EC00E5A54B /* AppDelegate.swift */; };
		086CBF2420DC91EC00E5A54B /* RiskViewController.swift in Sources */ = {isa = PBXBuildFile; fileRef = 086CBF2320DC91EC00E5A54B /* RiskViewController.swift */; };
		086CBF2720DC91EC00E5A54B /* Main.storyboard in Resources */ = {isa = PBXBuildFile; fileRef = 086CBF2520DC91EC00E5A54B /* Main.storyboard */; };
		086CBF2920DC91ED00E5A54B /* Assets.xcassets in Resources */ = {isa = PBXBuildFile; fileRef = 086CBF2820DC91ED00E5A54B /* Assets.xcassets */; };
		086CBF2C20DC91ED00E5A54B /* LaunchScreen.storyboard in Resources */ = {isa = PBXBuildFile; fileRef = 086CBF2A20DC91ED00E5A54B /* LaunchScreen.storyboard */; };
		086CBF3420E1779600E5A54B /* AccessoryView.xib in Resources */ = {isa = PBXBuildFile; fileRef = 086CBF3320E1779600E5A54B /* AccessoryView.xib */; };
/* End PBXBuildFile section */

/* Begin PBXFileReference section */
		086CBF1E20DC91EC00E5A54B /* Risk.app */ = {isa = PBXFileReference; explicitFileType = wrapper.application; includeInIndex = 0; path = Risk.app; sourceTree = BUILT_PRODUCTS_DIR; };
		086CBF2120DC91EC00E5A54B /* AppDelegate.swift */ = {isa = PBXFileReference; lastKnownFileType = sourcecode.swift; path = AppDelegate.swift; sourceTree = "<group>"; };
		086CBF2320DC91EC00E5A54B /* RiskViewController.swift */ = {isa = PBXFileReference; lastKnownFileType = sourcecode.swift; path = RiskViewController.swift; sourceTree = "<group>"; };
		086CBF2620DC91EC00E5A54B /* Base */ = {isa = PBXFileReference; lastKnownFileType = file.storyboard; name = Base; path = Base.lproj/Main.storyboard; sourceTree = "<group>"; };
		086CBF2820DC91ED00E5A54B /* Assets.xcassets */ = {isa = PBXFileReference; lastKnownFileType = folder.assetcatalog; path = Assets.xcassets; sourceTree = "<group>"; };
		086CBF2B20DC91ED00E5A54B /* Base */ = {isa = PBXFileReference; lastKnownFileType = file.storyboard; name = Base; path = Base.lproj/LaunchScreen.storyboard; sourceTree = "<group>"; };
		086CBF2D20DC91ED00E5A54B /* Info.plist */ = {isa = PBXFileReference; lastKnownFileType = text.plist.xml; path = Info.plist; sourceTree = "<group>"; };
		086CBF3320E1779600E5A54B /* AccessoryView.xib */ = {isa = PBXFileReference; lastKnownFileType = file.xib; path = AccessoryView.xib; sourceTree = "<group>"; };
/* End PBXFileReference section */

/* Begin PBXFrameworksBuildPhase section */
		086CBF1B20DC91EC00E5A54B /* Frameworks */ = {
			isa = PBXFrameworksBuildPhase;
			buildActionMask = 2147483647;
			files = (
			);
			runOnlyForDeploymentPostprocessing = 0;
		};
/* End PBXFrameworksBuildPhase section */

/* Begin PBXGroup section */
		086CBF1520DC91EC00E5A54B = {
			isa = PBXGroup;
			children = (
				086CBF2020DC91EC00E5A54B /* Risk */,
				086CBF1F20DC91EC00E5A54B /* Products */,
			);
			sourceTree = "<group>";
		};
		086CBF1F20DC91EC00E5A54B /* Products */ = {
			isa = PBXGroup;
			children = (
				086CBF1E20DC91EC00E5A54B /* Risk.app */,
			);
			name = Products;
			sourceTree = "<group>";
		};
		086CBF2020DC91EC00E5A54B /* Risk */ = {
			isa = PBXGroup;
			children = (
				086CBF2120DC91EC00E5A54B /* AppDelegate.swift */,
				086CBF2320DC91EC00E5A54B /* RiskViewController.swift */,
				086CBF2520DC91EC00E5A54B /* Main.storyboard */,
				086CBF2820DC91ED00E5A54B /* Assets.xcassets */,
				086CBF2A20DC91ED00E5A54B /* LaunchScreen.storyboard */,
				086CBF2D20DC91ED00E5A54B /* Info.plist */,
				086CBF3320E1779600E5A54B /* AccessoryView.xib */,
			);
			path = Risk;
			sourceTree = "<group>";
		};
/* End PBXGroup section */

/* Begin PBXNativeTarget section */
		086CBF1D20DC91EC00E5A54B /* Risk */ = {
			isa = PBXNativeTarget;
			buildConfigurationList = 086CBF3020DC91ED00E5A54B /* Build configuration list for PBXNativeTarget "Risk" */;
			buildPhases = (
				086CBF1A20DC91EC00E5A54B /* Sources */,
				086CBF1B20DC91EC00E5A54B /* Frameworks */,
				086CBF1C20DC91EC00E5A54B /* Resources */,
			);
			buildRules = (
			);
			dependencies = (
			);
			name = Risk;
			productName = Risk;
			productReference = 086CBF1E20DC91EC00E5A54B /* Risk.app */;
			productType = "com.apple.product-type.application";
		};
/* End PBXNativeTarget section */

/* Begin PBXProject section */
		086CBF1620DC91EC00E5A54B /* Project object */ = {
			isa = PBXProject;
			attributes = {
				LastSwiftUpdateCheck = 0940;
				LastUpgradeCheck = 0940;
				ORGANIZATIONNAME = "Vincent Predoehl";
				TargetAttributes = {
					086CBF1D20DC91EC00E5A54B = {
						CreatedOnToolsVersion = 9.4.1;
						SystemCapabilities = {
							com.apple.iCloud = {
								enabled = 0;
							};
						};
					};
				};
			};
			buildConfigurationList = 086CBF1920DC91EC00E5A54B /* Build configuration list for PBXProject "Risk" */;
			compatibilityVersion = "Xcode 9.3";
			developmentRegion = en;
			hasScannedForEncodings = 0;
			knownRegions = (
				en,
				Base,
			);
			mainGroup = 086CBF1520DC91EC00E5A54B;
			productRefGroup = 086CBF1F20DC91EC00E5A54B /* Products */;
			projectDirPath = "";
			projectRoot = "";
			targets = (
				086CBF1D20DC91EC00E5A54B /* Risk */,
			);
		};
/* End PBXProject section */

/* Begin PBXResourcesBuildPhase section */
		086CBF1C20DC91EC00E5A54B /* Resources */ = {
			isa = PBXResourcesBuildPhase;
			buildActionMask = 2147483647;
			files = (
				086CBF2C20DC91ED00E5A54B /* LaunchScreen.storyboard in Resources */,
				086CBF3420E1779600E5A54B /* AccessoryView.xib in Resources */,
				086CBF2920DC91ED00E5A54B /* Assets.xcassets in Resources */,
				086CBF2720DC91EC00E5A54B /* Main.storyboard in Resources */,
			);
			runOnlyForDeploymentPostprocessing = 0;
		};
/* End PBXResourcesBuildPhase section */

/* Begin PBXSourcesBuildPhase section */
		086CBF1A20DC91EC00E5A54B /* Sources */ = {
			isa = PBXSourcesBuildPhase;
			buildActionMask = 2147483647;
			files = (
				086CBF2420DC91EC00E5A54B /* RiskViewController.swift in Sources */,
				086CBF2220DC91EC00E5A54B /* AppDelegate.swift in Sources */,
			);
			runOnlyForDeploymentPostprocessing = 0;
		};
/* End PBXSourcesBuildPhase section */

/* Begin PBXVariantGroup section */
		086CBF2520DC91EC00E5A54B /* Main.storyboard */ = {
			isa = PBXVariantGroup;
			children = (
				086CBF2620DC91EC00E5A54B /* Base */,
			);
			name = Main.storyboard;
			sourceTree = "<group>";
		};
		086CBF2A20DC91ED00E5A54B /* LaunchScreen.storyboard */ = {
			isa = PBXVariantGroup;
			children = (
				086CBF2B20DC91ED00E5A54B /* Base */,
			);
			name = LaunchScreen.storyboard;
			sourceTree = "<group>";
		};
/* End PBXVariantGroup section */

/* Begin XCBuildConfiguration section */
		086CBF2E20DC91ED00E5A54B /* Debug */ = {
			isa = XCBuildConfiguration;
			buildSettings = {
				ALWAYS_SEARCH_USER_PATHS = NO;
				CLANG_ANALYZER_NONNULL = YES;
				CLANG_ANALYZER_NUMBER_OBJECT_CONVERSION = YES_AGGRESSIVE;
				CLANG_CXX_LANGUAGE_STANDARD = "gnu++14";
				CLANG_CXX_LIBRARY = "libc++";
				CLANG_ENABLE_MODULES = YES;
				CLANG_ENABLE_OBJC_ARC = YES;
				CLANG_ENABLE_OBJC_WEAK = YES;
				CLANG_WARN_BLOCK_CAPTURE_AUTORELEASING = YES;
				CLANG_WARN_BOOL_CONVERSION = YES;
				CLANG_WARN_COMMA = YES;
				CLANG_WARN_CONSTANT_CONVERSION = YES;
				CLANG_WARN_DEPRECATED_OBJC_IMPLEMENTATIONS = YES;
				CLANG_WARN_DIRECT_OBJC_ISA_USAGE = YES_ERROR;
				CLANG_WARN_DOCUMENTATION_COMMENTS = YES;
				CLANG_WARN_EMPTY_BODY = YES;
				CLANG_WARN_ENUM_CONVERSION = YES;
				CLANG_WARN_INFINITE_RECURSION = YES;
				CLANG_WARN_INT_CONVERSION = YES;
				CLANG_WARN_NON_LITERAL_NULL_CONVERSION = YES;
				CLANG_WARN_OBJC_IMPLICIT_RETAIN_SELF = YES;
				CLANG_WARN_OBJC_LITERAL_CONVERSION = YES;
				CLANG_WARN_OBJC_ROOT_CLASS = YES_ERROR;
				CLANG_WARN_RANGE_LOOP_ANALYSIS = YES;
				CLANG_WARN_STRICT_PROTOTYPES = YES;
				CLANG_WARN_SUSPICIOUS_MOVE = YES;
				CLANG_WARN_UNGUARDED_AVAILABILITY = YES_AGGRESSIVE;
				CLANG_WARN_UNREACHABLE_CODE = YES;
				CLANG_WARN__DUPLICATE_METHOD_MATCH = YES;
				CODE_SIGN_IDENTITY = "iPhone Developer";
				COPY_PHASE_STRIP = NO;
				DEBUG_INFORMATION_FORMAT = dwarf;
				ENABLE_STRICT_OBJC_MSGSEND = YES;
				ENABLE_TESTABILITY = YES;
				GCC_C_LANGUAGE_STANDARD = gnu11;
				GCC_DYNAMIC_NO_PIC = NO;
				GCC_NO_COMMON_BLOCKS = YES;
				GCC_OPTIMIZATION_LEVEL = 0;
				GCC_PREPROCESSOR_DEFINITIONS = (
					"DEBUG=1",
					"$(inherited)",
				);
				GCC_WARN_64_TO_32_BIT_CONVERSION = YES;
				GCC_WARN_ABOUT_RETURN_TYPE = YES_ERROR;
				GCC_WARN_UNDECLARED_SELECTOR = YES;
				GCC_WARN_UNINITIALIZED_AUTOS = YES_AGGRESSIVE;
				GCC_WARN_UNUSED_FUNCTION = YES;
				GCC_WARN_UNUSED_VARIABLE = YES;
				IPHONEOS_DEPLOYMENT_TARGET = 11.4;
				MTL_ENABLE_DEBUG_INFO = YES;
				ONLY_ACTIVE_ARCH = YES;
				SDKROOT = iphoneos;
				SWIFT_ACTIVE_COMPILATION_CONDITIONS = DEBUG;
				SWIFT_OPTIMIZATION_LEVEL = "-Onone";
			};
			name = Debug;
		};
		086CBF2F20DC91ED00E5A54B /* Release */ = {
			isa = XCBuildConfiguration;
			buildSettings = {
				ALWAYS_SEARCH_USER_PATHS = NO;
				CLANG_ANALYZER_NONNULL = YES;
				CLANG_ANALYZER_NUMBER_OBJECT_CONVERSION = YES_AGGRESSIVE;
				CLANG_CXX_LANGUAGE_STANDARD = "gnu++14";
				CLANG_CXX_LIBRARY = "libc++";
				CLANG_ENABLE_MODULES = YES;
				CLANG_ENABLE_OBJC_ARC = YES;
				CLANG_ENABLE_OBJC_WEAK = YES;
				CLANG_WARN_BLOCK_CAPTURE_AUTORELEASING = YES;
				CLANG_WARN_BOOL_CONVERSION = YES;
				CLANG_WARN_COMMA = YES;
				CLANG_WARN_CONSTANT_CONVERSION = YES;
				CLANG_WARN_DEPRECATED_OBJC_IMPLEMENTATIONS = YES;
				CLANG_WARN_DIRECT_OBJC_ISA_USAGE = YES_ERROR;
				CLANG_WARN_DOCUMENTATION_COMMENTS = YES;
				CLANG_WARN_EMPTY_BODY = YES;
				CLANG_WARN_ENUM_CONVERSION = YES;
				CLANG_WARN_INFINITE_RECURSION = YES;
				CLANG_WARN_INT_CONVERSION = YES;
				CLANG_WARN_NON_LITERAL_NULL_CONVERSION = YES;
				CLANG_WARN_OBJC_IMPLICIT_RETAIN_SELF = YES;
				CLANG_WARN_OBJC_LITERAL_CONVERSION = YES;
				CLANG_WARN_OBJC_ROOT_CLASS = YES_ERROR;
				CLANG_WARN_RANGE_LOOP_ANALYSIS = YES;
				CLANG_WARN_STRICT_PROTOTYPES = YES;
				CLANG_WARN_SUSPICIOUS_MOVE = YES;
				CLANG_WARN_UNGUARDED_AVAILABILITY = YES_AGGRESSIVE;
				CLANG_WARN_UNREACHABLE_CODE = YES;
				CLANG_WARN__DUPLICATE_METHOD_MATCH = YES;
				CODE_SIGN_IDENTITY = "iPhone Developer";
				COPY_PHASE_STRIP = NO;
				DEBUG_INFORMATION_FORMAT = "dwarf-with-dsym";
				ENABLE_NS_ASSERTIONS = NO;
				ENABLE_STRICT_OBJC_MSGSEND = YES;
				GCC_C_LANGUAGE_STANDARD = gnu11;
				GCC_NO_COMMON_BLOCKS = YES;
				GCC_WARN_64_TO_32_BIT_CONVERSION = YES;
				GCC_WARN_ABOUT_RETURN_TYPE = YES_ERROR;
				GCC_WARN_UNDECLARED_SELECTOR = YES;
				GCC_WARN_UNINITIALIZED_AUTOS = YES_AGGRESSIVE;
				GCC_WARN_UNUSED_FUNCTION = YES;
				GCC_WARN_UNUSED_VARIABLE = YES;
				IPHONEOS_DEPLOYMENT_TARGET = 11.4;
				MTL_ENABLE_DEBUG_INFO = NO;
				SDKROOT = iphoneos;
				SWIFT_COMPILATION_MODE = wholemodule;
				SWIFT_OPTIMIZATION_LEVEL = "-O";
				VALIDATE_PRODUCT = YES;
			};
			name = Release;
		};
		086CBF3120DC91ED00E5A54B /* Debug */ = {
			isa = XCBuildConfiguration;
			buildSettings = {
				ASSETCATALOG_COMPILER_APPICON_NAME = AppIcon;
				CODE_SIGN_STYLE = Automatic;
				DEVELOPMENT_TEAM = X674V92M37;
				INFOPLIST_FILE = Risk/Info.plist;
				LD_RUNPATH_SEARCH_PATHS = (
					"$(inherited)",
					"@executable_path/Frameworks",
				);
				PRODUCT_BUNDLE_IDENTIFIER = com.vjp.risk;
				PRODUCT_NAME = "$(TARGET_NAME)";
				SWIFT_VERSION = 4.0;
				TARGETED_DEVICE_FAMILY = "1,2";
			};
			name = Debug;
		};
		086CBF3220DC91ED00E5A54B /* Release */ = {
			isa = XCBuildConfiguration;
			buildSettings = {
				ASSETCATALOG_COMPILER_APPICON_NAME = AppIcon;
				CODE_SIGN_STYLE = Automatic;
				DEVELOPMENT_TEAM = X674V92M37;
				INFOPLIST_FILE = Risk/Info.plist;
				LD_RUNPATH_SEARCH_PATHS = (
					"$(inherited)",
					"@executable_path/Frameworks",
				);
				PRODUCT_BUNDLE_IDENTIFIER = com.vjp.risk;
				PRODUCT_NAME = "$(TARGET_NAME)";
				SWIFT_VERSION = 4.0;
				TARGETED_DEVICE_FAMILY = "1,2";
			};
			name = Release;
		};
/* End XCBuildConfiguration section */

/* Begin XCConfigurationList section */
		086CBF1920DC91EC00E5A54B /* Build configuration list for PBXProject "Risk" */ = {
			isa = XCConfigurationList;
			buildConfigurations = (
				086CBF2E20DC91ED00E5A54B /* Debug */,
				086CBF2F20DC91ED00E5A54B /* Release */,
			);
			defaultConfigurationIsVisible = 0;
			defaultConfigurationName = Release;
		};
		086CBF3020DC91ED00E5A54B /* Build configuration list for PBXNativeTarget "Risk" */ = {
			isa = XCConfigurationList;
			buildConfigurations = (
				086CBF3120DC91ED00E5A54B /* Debug */,
				086CBF3220DC91ED00E5A54B /* Release */,
			);
			defaultConfigurationIsVisible = 0;
			defaultConfigurationName = Release;
		};
/* End XCConfigurationList section */
	};
	rootObject = 086CBF1620DC91EC00E5A54B /* Project object */;
}
